
Microsoft Visual Studio Solution File, Format Version 12.00
# Visual Studio Version 17
VisualStudioVersion = 17.1.32210.238
MinimumVisualStudioVersion = 10.0.40219.1
Project("{2150E333-8FDC-42A3-9474-1A3956D46DE8}") = "Core", "Core", "{78B44CD4-E582-4B4D-8AD3-1C2FA5547CC1}"
EndProject
Project("{2150E333-8FDC-42A3-9474-1A3956D46DE8}") = "Infrastructure", "Infrastructure", "{A50362A6-1923-4DC4-92FD-7134F0BDD941}"
EndProject
Project("{2150E333-8FDC-42A3-9474-1A3956D46DE8}") = "Presentation", "Presentation", "{2975E2F1-4541-4ABE-8F59-AD49BEF621FD}"
EndProject
Project("{FAE04EC0-301F-11D3-BF4B-00C04F79EFBC}") = "Domain", "Domain\Domain.csproj", "{466CD560-E61D-4FF5-B00C-CF36478E92FC}"
EndProject
Project("{FAE04EC0-301F-11D3-BF4B-00C04F79EFBC}") = "Application", "Application\Application.csproj", "{9E888A10-DF39-4DE2-8AEF-ADAC9312FD59}"
EndProject
Project("{FAE04EC0-301F-11D3-BF4B-00C04F79EFBC}") = "Persistence", "Persistence\Persistence.csproj", "{6898FC9C-5327-4FF1-89A1-2E5B49729C24}"
EndProject
Project("{FAE04EC0-301F-11D3-BF4B-00C04F79EFBC}") = "WebApp", "WebApp\WebApp.csproj", "{53B690BE-DE40-4E9C-944E-179C0D77B130}"
EndProject
Global
	GlobalSection(SolutionConfigurationPlatforms) = preSolution
		Debug|Any CPU = Debug|Any CPU
		Release|Any CPU = Release|Any CPU
	EndGlobalSection
	GlobalSection(ProjectConfigurationPlatforms) = postSolution
		{466CD560-E61D-4FF5-B00C-CF36478E92FC}.Debug|Any CPU.ActiveCfg = Debug|Any CPU
		{466CD560-E61D-4FF5-B00C-CF36478E92FC}.Debug|Any CPU.Build.0 = Debug|Any CPU
		{466CD560-E61D-4FF5-B00C-CF36478E92FC}.Release|Any CPU.ActiveCfg = Release|Any CPU
		{466CD560-E61D-4FF5-B00C-CF36478E92FC}.Release|Any CPU.Build.0 = Release|Any CPU
		{9E888A10-DF39-4DE2-8AEF-ADAC9312FD59}.Debug|Any CPU.ActiveCfg = Debug|Any CPU
		{9E888A10-DF39-4DE2-8AEF-ADAC9312FD59}.Debug|Any CPU.Build.0 = Debug|Any CPU
		{9E888A10-DF39-4DE2-8AEF-ADAC9312FD59}.Release|Any CPU.ActiveCfg = Release|Any CPU
		{9E888A10-DF39-4DE2-8AEF-ADAC9312FD59}.Release|Any CPU.Build.0 = Release|Any CPU
		{6898FC9C-5327-4FF1-89A1-2E5B49729C24}.Debug|Any CPU.ActiveCfg = Debug|Any CPU
		{6898FC9C-5327-4FF1-89A1-2E5B49729C24}.Debug|Any CPU.Build.0 = Debug|Any CPU
		{6898FC9C-5327-4FF1-89A1-2E5B49729C24}.Release|Any CPU.ActiveCfg = Release|Any CPU
		{6898FC9C-5327-4FF1-89A1-2E5B49729C24}.Release|Any CPU.Build.0 = Release|Any CPU
		{53B690BE-DE40-4E9C-944E-179C0D77B130}.Debug|Any CPU.ActiveCfg = Debug|Any CPU
		{53B690BE-DE40-4E9C-944E-179C0D77B130}.Debug|Any CPU.Build.0 = Debug|Any CPU
		{53B690BE-DE40-4E9C-944E-179C0D77B130}.Release|Any CPU.ActiveCfg = Release|Any CPU
		{53B690BE-DE40-4E9C-944E-179C0D77B130}.Release|Any CPU.Build.0 = Release|Any CPU
	EndGlobalSection
	GlobalSection(SolutionProperties) = preSolution
		HideSolutionNode = FALSE
	EndGlobalSection
	GlobalSection(NestedProjects) = preSolution
		{466CD560-E61D-4FF5-B00C-CF36478E92FC} = {78B44CD4-E582-4B4D-8AD3-1C2FA5547CC1}
		{9E888A10-DF39-4DE2-8AEF-ADAC9312FD59} = {78B44CD4-E582-4B4D-8AD3-1C2FA5547CC1}
		{6898FC9C-5327-4FF1-89A1-2E5B49729C24} = {A50362A6-1923-4DC4-92FD-7134F0BDD941}
		{53B690BE-DE40-4E9C-944E-179C0D77B130} = {2975E2F1-4541-4ABE-8F59-AD49BEF621FD}
	EndGlobalSection
	GlobalSection(ExtensibilityGlobals) = postSolution
		SolutionGuid = {520DC6CA-29E9-4020-A35D-8354C2CA7F8A}
	EndGlobalSection
EndGlobal
