
Microsoft Visual Studio Solution File, Format Version 12.00
# Visual Studio Version 17
VisualStudioVersion = 17.1.32210.238
MinimumVisualStudioVersion = 10.0.40219.1
Project("{2150E333-8FDC-42A3-9474-1A3956D46DE8}") = "Core", "Core", "{EA8D53D0-53CB-4B91-A267-7A989F43C392}"
EndProject
Project("{2150E333-8FDC-42A3-9474-1A3956D46DE8}") = "Infrastructure", "Infrastructure", "{D9C0645A-C902-44DC-A5B5-74DCE43F1E4C}"
EndProject
Project("{2150E333-8FDC-42A3-9474-1A3956D46DE8}") = "Presentation", "Presentation", "{39630369-C512-4AD2-A742-AA38B62DBC39}"
EndProject
Project("{9A19103F-16F7-4668-BE54-9A1E7A4F7556}") = "Domain", "Domain\Domain.csproj", "{1C3635FF-CFEB-4C88-A9C7-AA2A91B4D7FB}"
EndProject
Project("{9A19103F-16F7-4668-BE54-9A1E7A4F7556}") = "Application", "Application\Application.csproj", "{CF23F420-03E9-4962-AFD2-90D3D9AA0ECA}"
EndProject
Project("{9A19103F-16F7-4668-BE54-9A1E7A4F7556}") = "Persistence", "Persistence\Persistence.csproj", "{751EC715-72C3-48C3-BC9D-73256BE0DC36}"
EndProject
Project("{9A19103F-16F7-4668-BE54-9A1E7A4F7556}") = "WebApp", "WebApp\WebApp.csproj", "{EE9CCE2D-F5F3-4FA8-830F-67C13EE3AD0E}"
EndProject
Project("{2150E333-8FDC-42A3-9474-1A3956D46DE8}") = "Solution Items", "Solution Items", "{03A46146-3B29-4FC8-849B-92457CB1D145}"
	ProjectSection(SolutionItems) = preProject
		.editorconfig = .editorconfig
	EndProjectSection
EndProject
Global
	GlobalSection(SolutionConfigurationPlatforms) = preSolution
		Debug|Any CPU = Debug|Any CPU
		Release|Any CPU = Release|Any CPU
	EndGlobalSection
	GlobalSection(ProjectConfigurationPlatforms) = postSolution
		{1C3635FF-CFEB-4C88-A9C7-AA2A91B4D7FB}.Debug|Any CPU.ActiveCfg = Debug|Any CPU
		{1C3635FF-CFEB-4C88-A9C7-AA2A91B4D7FB}.Debug|Any CPU.Build.0 = Debug|Any CPU
		{1C3635FF-CFEB-4C88-A9C7-AA2A91B4D7FB}.Release|Any CPU.ActiveCfg = Release|Any CPU
		{1C3635FF-CFEB-4C88-A9C7-AA2A91B4D7FB}.Release|Any CPU.Build.0 = Release|Any CPU
		{CF23F420-03E9-4962-AFD2-90D3D9AA0ECA}.Debug|Any CPU.ActiveCfg = Debug|Any CPU
		{CF23F420-03E9-4962-AFD2-90D3D9AA0ECA}.Debug|Any CPU.Build.0 = Debug|Any CPU
		{CF23F420-03E9-4962-AFD2-90D3D9AA0ECA}.Release|Any CPU.ActiveCfg = Release|Any CPU
		{CF23F420-03E9-4962-AFD2-90D3D9AA0ECA}.Release|Any CPU.Build.0 = Release|Any CPU
		{751EC715-72C3-48C3-BC9D-73256BE0DC36}.Debug|Any CPU.ActiveCfg = Debug|Any CPU
		{751EC715-72C3-48C3-BC9D-73256BE0DC36}.Debug|Any CPU.Build.0 = Debug|Any CPU
		{751EC715-72C3-48C3-BC9D-73256BE0DC36}.Release|Any CPU.ActiveCfg = Release|Any CPU
		{751EC715-72C3-48C3-BC9D-73256BE0DC36}.Release|Any CPU.Build.0 = Release|Any CPU
		{EE9CCE2D-F5F3-4FA8-830F-67C13EE3AD0E}.Debug|Any CPU.ActiveCfg = Debug|Any CPU
		{EE9CCE2D-F5F3-4FA8-830F-67C13EE3AD0E}.Debug|Any CPU.Build.0 = Debug|Any CPU
		{EE9CCE2D-F5F3-4FA8-830F-67C13EE3AD0E}.Release|Any CPU.ActiveCfg = Release|Any CPU
		{EE9CCE2D-F5F3-4FA8-830F-67C13EE3AD0E}.Release|Any CPU.Build.0 = Release|Any CPU
	EndGlobalSection
	GlobalSection(SolutionProperties) = preSolution
		HideSolutionNode = FALSE
	EndGlobalSection
	GlobalSection(NestedProjects) = preSolution
		{1C3635FF-CFEB-4C88-A9C7-AA2A91B4D7FB} = {EA8D53D0-53CB-4B91-A267-7A989F43C392}
		{CF23F420-03E9-4962-AFD2-90D3D9AA0ECA} = {EA8D53D0-53CB-4B91-A267-7A989F43C392}
		{751EC715-72C3-48C3-BC9D-73256BE0DC36} = {D9C0645A-C902-44DC-A5B5-74DCE43F1E4C}
		{EE9CCE2D-F5F3-4FA8-830F-67C13EE3AD0E} = {39630369-C512-4AD2-A742-AA38B62DBC39}
	EndGlobalSection
	GlobalSection(ExtensibilityGlobals) = postSolution
		SolutionGuid = {349B3E3B-0FA4-449C-9DCD-828A80C852EE}
	EndGlobalSection
EndGlobal
